
Microsoft Visual Studio Solution File, Format Version 12.00
# Visual Studio Version 17
VisualStudioVersion = 17.7.34221.43
MinimumVisualStudioVersion = 10.0.40219.1
Project("{9A19103F-16F7-4668-BE54-9A1E7A4F7556}") = "OpenCV", "OpenCV\OpenCV.csproj", "{005F921F-DF0B-42F0-98AF-5D54C70F07FB}"
EndProject
Project("{9A19103F-16F7-4668-BE54-9A1E7A4F7556}") = "MultipleAreas", "MultipleAreas\MultipleAreas.csproj", "{B23D119D-508C-4A7D-9385-AD6A236C2978}"
EndProject
Project("{9A19103F-16F7-4668-BE54-9A1E7A4F7556}") = "DPSEasyaufWish", "DPSEasyaufWIsh\DPSEasyaufWish.csproj", "{B3F29FE4-8890-43A5-B917-444513E03E70}"
EndProject
Project("{FAE04EC0-301F-11D3-BF4B-00C04F79EFBC}") = "VisionMultiArea", "VisionMultiArea\VisionMultiArea.csproj", "{A1225D63-4B58-4003-BAE7-1E1ADCECDE0C}"
EndProject
Global
	GlobalSection(SolutionConfigurationPlatforms) = preSolution
		Debug|Any CPU = Debug|Any CPU
		Release|Any CPU = Release|Any CPU
	EndGlobalSection
	GlobalSection(ProjectConfigurationPlatforms) = postSolution
		{005F921F-DF0B-42F0-98AF-5D54C70F07FB}.Debug|Any CPU.ActiveCfg = Debug|Any CPU
		{005F921F-DF0B-42F0-98AF-5D54C70F07FB}.Debug|Any CPU.Build.0 = Debug|Any CPU
		{005F921F-DF0B-42F0-98AF-5D54C70F07FB}.Release|Any CPU.ActiveCfg = Release|Any CPU
		{005F921F-DF0B-42F0-98AF-5D54C70F07FB}.Release|Any CPU.Build.0 = Release|Any CPU
		{B23D119D-508C-4A7D-9385-AD6A236C2978}.Debug|Any CPU.ActiveCfg = Debug|Any CPU
		{B23D119D-508C-4A7D-9385-AD6A236C2978}.Debug|Any CPU.Build.0 = Debug|Any CPU
		{B23D119D-508C-4A7D-9385-AD6A236C2978}.Release|Any CPU.ActiveCfg = Release|Any CPU
		{B23D119D-508C-4A7D-9385-AD6A236C2978}.Release|Any CPU.Build.0 = Release|Any CPU
		{B3F29FE4-8890-43A5-B917-444513E03E70}.Debug|Any CPU.ActiveCfg = Debug|Any CPU
		{B3F29FE4-8890-43A5-B917-444513E03E70}.Debug|Any CPU.Build.0 = Debug|Any CPU
		{B3F29FE4-8890-43A5-B917-444513E03E70}.Release|Any CPU.ActiveCfg = Release|Any CPU
		{B3F29FE4-8890-43A5-B917-444513E03E70}.Release|Any CPU.Build.0 = Release|Any CPU
		{A1225D63-4B58-4003-BAE7-1E1ADCECDE0C}.Debug|Any CPU.ActiveCfg = Debug|Any CPU
		{A1225D63-4B58-4003-BAE7-1E1ADCECDE0C}.Debug|Any CPU.Build.0 = Debug|Any CPU
		{A1225D63-4B58-4003-BAE7-1E1ADCECDE0C}.Release|Any CPU.ActiveCfg = Release|Any CPU
		{A1225D63-4B58-4003-BAE7-1E1ADCECDE0C}.Release|Any CPU.Build.0 = Release|Any CPU
	EndGlobalSection
	GlobalSection(SolutionProperties) = preSolution
		HideSolutionNode = FALSE
	EndGlobalSection
	GlobalSection(ExtensibilityGlobals) = postSolution
		SolutionGuid = {0B22C951-7E78-45AA-BD1C-6E112E7DC90C}
	EndGlobalSection
EndGlobal
